// !$*UTF8*$!
{
	archiveVersion = 1;
	classes = {
	};
	objectVersion = 55;
	objects = {

/* Begin PBXBuildFile section */
		3902933F27F982CC00B8C8E9 /* FoodJournalApp.swift in Sources */ = {isa = PBXBuildFile; fileRef = 3902933E27F982CC00B8C8E9 /* FoodJournalApp.swift */; };
		3902934127F982CC00B8C8E9 /* ContentView.swift in Sources */ = {isa = PBXBuildFile; fileRef = 3902934027F982CC00B8C8E9 /* ContentView.swift */; };
		3902934327F982CC00B8C8E9 /* Assets.xcassets in Resources */ = {isa = PBXBuildFile; fileRef = 3902934227F982CC00B8C8E9 /* Assets.xcassets */; };
		3902934627F982CC00B8C8E9 /* Preview Assets.xcassets in Resources */ = {isa = PBXBuildFile; fileRef = 3902934527F982CC00B8C8E9 /* Preview Assets.xcassets */; };
		3906417E27F984510024B1FA /* HomeView.swift in Sources */ = {isa = PBXBuildFile; fileRef = 3906417D27F984510024B1FA /* HomeView.swift */; };
		3906418027F9853B0024B1FA /* DailyRecapView.swift in Sources */ = {isa = PBXBuildFile; fileRef = 3906417F27F9853B0024B1FA /* DailyRecapView.swift */; };
		3910D77827FE1A9C00D65E75 /* MealFormView.swift in Sources */ = {isa = PBXBuildFile; fileRef = 3910D77727FE1A9C00D65E75 /* MealFormView.swift */; };
		3928F3B827F9BEA900000143 /* DailyRecap.swift in Sources */ = {isa = PBXBuildFile; fileRef = 3928F3B727F9BEA900000143 /* DailyRecap.swift */; };
		3928F3BA27F9BFB700000143 /* TodayRecap.swift in Sources */ = {isa = PBXBuildFile; fileRef = 3928F3B927F9BFB700000143 /* TodayRecap.swift */; };
		3928F3BD27F9C48800000143 /* TodayMealScrollView.swift in Sources */ = {isa = PBXBuildFile; fileRef = 3928F3BC27F9C48800000143 /* TodayMealScrollView.swift */; };
		3928F3BF27F9C4A400000143 /* TodayMealCard.swift in Sources */ = {isa = PBXBuildFile; fileRef = 3928F3BE27F9C4A400000143 /* TodayMealCard.swift */; };
		3928F3C127F9FBEB00000143 /* AllRecapCard.swift in Sources */ = {isa = PBXBuildFile; fileRef = 3928F3C027F9FBEB00000143 /* AllRecapCard.swift */; };
		3928F3C327F9FC2B00000143 /* AllRecapView.swift in Sources */ = {isa = PBXBuildFile; fileRef = 3928F3C227F9FC2B00000143 /* AllRecapView.swift */; };
		3990657F27FB2D79001043EF /* TodayMealModel.swift in Sources */ = {isa = PBXBuildFile; fileRef = 3990657E27FB2D79001043EF /* TodayMealModel.swift */; };
		39D9D5B527FDB7C000CF846F /* FormView.swift in Sources */ = {isa = PBXBuildFile; fileRef = 39D9D5B427FDB7C000CF846F /* FormView.swift */; };
		39D9D5B727FDBC6000CF846F /* GlobalEnum.swift in Sources */ = {isa = PBXBuildFile; fileRef = 39D9D5B627FDBC6000CF846F /* GlobalEnum.swift */; };
		39D9D5BC27FDBEC500CF846F /* BeverageFormView.swift in Sources */ = {isa = PBXBuildFile; fileRef = 39D9D5BB27FDBEC500CF846F /* BeverageFormView.swift */; };
		39ECE82027F99B71002EBEAF /* TabBar.swift in Sources */ = {isa = PBXBuildFile; fileRef = 39ECE81F27F99B71002EBEAF /* TabBar.swift */; };
		39ECE82227F99D78002EBEAF /* RecapView.swift in Sources */ = {isa = PBXBuildFile; fileRef = 39ECE82127F99D78002EBEAF /* RecapView.swift */; };
		39F353A427FC9D09004C552B /* ImagePicker.swift in Sources */ = {isa = PBXBuildFile; fileRef = 39F353A327FC9D09004C552B /* ImagePicker.swift */; };
/* End PBXBuildFile section */

/* Begin PBXFileReference section */
		3902933B27F982CC00B8C8E9 /* FoodJournal.app */ = {isa = PBXFileReference; explicitFileType = wrapper.application; includeInIndex = 0; path = FoodJournal.app; sourceTree = BUILT_PRODUCTS_DIR; };
		3902933E27F982CC00B8C8E9 /* FoodJournalApp.swift */ = {isa = PBXFileReference; lastKnownFileType = sourcecode.swift; path = FoodJournalApp.swift; sourceTree = "<group>"; };
		3902934027F982CC00B8C8E9 /* ContentView.swift */ = {isa = PBXFileReference; lastKnownFileType = sourcecode.swift; path = ContentView.swift; sourceTree = "<group>"; };
		3902934227F982CC00B8C8E9 /* Assets.xcassets */ = {isa = PBXFileReference; lastKnownFileType = folder.assetcatalog; path = Assets.xcassets; sourceTree = "<group>"; };
		3902934527F982CC00B8C8E9 /* Preview Assets.xcassets */ = {isa = PBXFileReference; lastKnownFileType = folder.assetcatalog; path = "Preview Assets.xcassets"; sourceTree = "<group>"; };
		3906417D27F984510024B1FA /* HomeView.swift */ = {isa = PBXFileReference; lastKnownFileType = sourcecode.swift; path = HomeView.swift; sourceTree = "<group>"; };
		3906417F27F9853B0024B1FA /* DailyRecapView.swift */ = {isa = PBXFileReference; lastKnownFileType = sourcecode.swift; path = DailyRecapView.swift; sourceTree = "<group>"; };
		3910D77727FE1A9C00D65E75 /* MealFormView.swift */ = {isa = PBXFileReference; lastKnownFileType = sourcecode.swift; path = MealFormView.swift; sourceTree = "<group>"; };
		3928F3B727F9BEA900000143 /* DailyRecap.swift */ = {isa = PBXFileReference; lastKnownFileType = sourcecode.swift; path = DailyRecap.swift; sourceTree = "<group>"; };
		3928F3B927F9BFB700000143 /* TodayRecap.swift */ = {isa = PBXFileReference; lastKnownFileType = sourcecode.swift; path = TodayRecap.swift; sourceTree = "<group>"; };
		3928F3BC27F9C48800000143 /* TodayMealScrollView.swift */ = {isa = PBXFileReference; lastKnownFileType = sourcecode.swift; path = TodayMealScrollView.swift; sourceTree = "<group>"; };
		3928F3BE27F9C4A400000143 /* TodayMealCard.swift */ = {isa = PBXFileReference; lastKnownFileType = sourcecode.swift; path = TodayMealCard.swift; sourceTree = "<group>"; };
		3928F3C027F9FBEB00000143 /* AllRecapCard.swift */ = {isa = PBXFileReference; lastKnownFileType = sourcecode.swift; path = AllRecapCard.swift; sourceTree = "<group>"; };
		3928F3C227F9FC2B00000143 /* AllRecapView.swift */ = {isa = PBXFileReference; lastKnownFileType = sourcecode.swift; path = AllRecapView.swift; sourceTree = "<group>"; };
		3990657E27FB2D79001043EF /* TodayMealModel.swift */ = {isa = PBXFileReference; lastKnownFileType = sourcecode.swift; path = TodayMealModel.swift; sourceTree = "<group>"; };
		39D9D5B427FDB7C000CF846F /* FormView.swift */ = {isa = PBXFileReference; lastKnownFileType = sourcecode.swift; path = FormView.swift; sourceTree = "<group>"; };
		39D9D5B627FDBC6000CF846F /* GlobalEnum.swift */ = {isa = PBXFileReference; lastKnownFileType = sourcecode.swift; path = GlobalEnum.swift; sourceTree = "<group>"; };
		39D9D5BB27FDBEC500CF846F /* BeverageFormView.swift */ = {isa = PBXFileReference; lastKnownFileType = sourcecode.swift; path = BeverageFormView.swift; sourceTree = "<group>"; };
		39ECE81F27F99B71002EBEAF /* TabBar.swift */ = {isa = PBXFileReference; lastKnownFileType = sourcecode.swift; path = TabBar.swift; sourceTree = "<group>"; };
		39ECE82127F99D78002EBEAF /* RecapView.swift */ = {isa = PBXFileReference; lastKnownFileType = sourcecode.swift; path = RecapView.swift; sourceTree = "<group>"; };
		39F353A327FC9D09004C552B /* ImagePicker.swift */ = {isa = PBXFileReference; lastKnownFileType = sourcecode.swift; path = ImagePicker.swift; sourceTree = "<group>"; };
/* End PBXFileReference section */

/* Begin PBXFrameworksBuildPhase section */
		3902933827F982CC00B8C8E9 /* Frameworks */ = {
			isa = PBXFrameworksBuildPhase;
			buildActionMask = 2147483647;
			files = (
			);
			runOnlyForDeploymentPostprocessing = 0;
		};
/* End PBXFrameworksBuildPhase section */

/* Begin PBXGroup section */
		3902933227F982CC00B8C8E9 = {
			isa = PBXGroup;
			children = (
				3902933D27F982CC00B8C8E9 /* FoodJournal */,
				3902933C27F982CC00B8C8E9 /* Products */,
			);
			sourceTree = "<group>";
		};
		3902933C27F982CC00B8C8E9 /* Products */ = {
			isa = PBXGroup;
			children = (
				3902933B27F982CC00B8C8E9 /* FoodJournal.app */,
			);
			name = Products;
			sourceTree = "<group>";
		};
		3902933D27F982CC00B8C8E9 /* FoodJournal */ = {
			isa = PBXGroup;
			children = (
				397B79E527FAD5E500BD3A80 /* Model */,
				3902934C27F982DE00B8C8E9 /* Views */,
				3902933E27F982CC00B8C8E9 /* FoodJournalApp.swift */,
				3902934227F982CC00B8C8E9 /* Assets.xcassets */,
				3902934427F982CC00B8C8E9 /* Preview Content */,
			);
			path = FoodJournal;
			sourceTree = "<group>";
		};
		3902934427F982CC00B8C8E9 /* Preview Content */ = {
			isa = PBXGroup;
			children = (
				3902934527F982CC00B8C8E9 /* Preview Assets.xcassets */,
			);
			path = "Preview Content";
			sourceTree = "<group>";
		};
		3902934C27F982DE00B8C8E9 /* Views */ = {
			isa = PBXGroup;
			children = (
				3928F3B627F9BE7500000143 /* Details */,
				3928F3BB27F9C38200000143 /* Components */,
				39ECE81E27F99B49002EBEAF /* Main */,
			);
			path = Views;
			sourceTree = "<group>";
		};
		3928F3B627F9BE7500000143 /* Details */ = {
			isa = PBXGroup;
			children = (
				3928F3B727F9BEA900000143 /* DailyRecap.swift */,
				3928F3B927F9BFB700000143 /* TodayRecap.swift */,
			);
			path = Details;
			sourceTree = "<group>";
		};
		3928F3BB27F9C38200000143 /* Components */ = {
			isa = PBXGroup;
			children = (
				39D9D5B827FDBCF300CF846F /* TabBar */,
				3990659E27FC9BF6001043EF /* ImagePicker */,
				3928F3C527FA011600000143 /* AllRecap */,
				3928F3C427FA010500000143 /* TodayMeal */,
			);
			path = Components;
			sourceTree = "<group>";
		};
		3928F3C427FA010500000143 /* TodayMeal */ = {
			isa = PBXGroup;
			children = (
				3928F3BC27F9C48800000143 /* TodayMealScrollView.swift */,
				3928F3BE27F9C4A400000143 /* TodayMealCard.swift */,
			);
			path = TodayMeal;
			sourceTree = "<group>";
		};
		3928F3C527FA011600000143 /* AllRecap */ = {
			isa = PBXGroup;
			children = (
				3928F3C027F9FBEB00000143 /* AllRecapCard.swift */,
				3928F3C227F9FC2B00000143 /* AllRecapView.swift */,
			);
			path = AllRecap;
			sourceTree = "<group>";
		};
		397B79E527FAD5E500BD3A80 /* Model */ = {
			isa = PBXGroup;
			children = (
				3990657E27FB2D79001043EF /* TodayMealModel.swift */,
				39D9D5B627FDBC6000CF846F /* GlobalEnum.swift */,
			);
			path = Model;
			sourceTree = "<group>";
		};
		3990659E27FC9BF6001043EF /* ImagePicker */ = {
			isa = PBXGroup;
			children = (
				39F353A327FC9D09004C552B /* ImagePicker.swift */,
			);
			path = ImagePicker;
			sourceTree = "<group>";
		};
		39D9D5B827FDBCF300CF846F /* TabBar */ = {
			isa = PBXGroup;
			children = (
				39ECE81F27F99B71002EBEAF /* TabBar.swift */,
			);
			path = TabBar;
			sourceTree = "<group>";
		};
		39ECE81E27F99B49002EBEAF /* Main */ = {
			isa = PBXGroup;
			children = (
				3902934027F982CC00B8C8E9 /* ContentView.swift */,
				3906417D27F984510024B1FA /* HomeView.swift */,
				3906417F27F9853B0024B1FA /* DailyRecapView.swift */,
				39ECE82127F99D78002EBEAF /* RecapView.swift */,
				39D9D5B427FDB7C000CF846F /* FormView.swift */,
				39D9D5BB27FDBEC500CF846F /* BeverageFormView.swift */,
				3910D77727FE1A9C00D65E75 /* MealFormView.swift */,
			);
			path = Main;
			sourceTree = "<group>";
		};
/* End PBXGroup section */

/* Begin PBXNativeTarget section */
		3902933A27F982CC00B8C8E9 /* FoodJournal */ = {
			isa = PBXNativeTarget;
			buildConfigurationList = 3902934927F982CC00B8C8E9 /* Build configuration list for PBXNativeTarget "FoodJournal" */;
			buildPhases = (
				3902933727F982CC00B8C8E9 /* Sources */,
				3902933827F982CC00B8C8E9 /* Frameworks */,
				3902933927F982CC00B8C8E9 /* Resources */,
			);
			buildRules = (
			);
			dependencies = (
			);
			name = FoodJournal;
			productName = FoodJournal;
			productReference = 3902933B27F982CC00B8C8E9 /* FoodJournal.app */;
			productType = "com.apple.product-type.application";
		};
/* End PBXNativeTarget section */

/* Begin PBXProject section */
		3902933327F982CC00B8C8E9 /* Project object */ = {
			isa = PBXProject;
			attributes = {
				BuildIndependentTargetsInParallel = 1;
				LastSwiftUpdateCheck = 1320;
				LastUpgradeCheck = 1320;
				TargetAttributes = {
					3902933A27F982CC00B8C8E9 = {
						CreatedOnToolsVersion = 13.2.1;
					};
				};
			};
			buildConfigurationList = 3902933627F982CC00B8C8E9 /* Build configuration list for PBXProject "FoodJournal" */;
			compatibilityVersion = "Xcode 13.0";
			developmentRegion = en;
			hasScannedForEncodings = 0;
			knownRegions = (
				en,
				Base,
			);
			mainGroup = 3902933227F982CC00B8C8E9;
			productRefGroup = 3902933C27F982CC00B8C8E9 /* Products */;
			projectDirPath = "";
			projectRoot = "";
			targets = (
				3902933A27F982CC00B8C8E9 /* FoodJournal */,
			);
		};
/* End PBXProject section */

/* Begin PBXResourcesBuildPhase section */
		3902933927F982CC00B8C8E9 /* Resources */ = {
			isa = PBXResourcesBuildPhase;
			buildActionMask = 2147483647;
			files = (
				3902934627F982CC00B8C8E9 /* Preview Assets.xcassets in Resources */,
				3902934327F982CC00B8C8E9 /* Assets.xcassets in Resources */,
			);
			runOnlyForDeploymentPostprocessing = 0;
		};
/* End PBXResourcesBuildPhase section */

/* Begin PBXSourcesBuildPhase section */
		3902933727F982CC00B8C8E9 /* Sources */ = {
			isa = PBXSourcesBuildPhase;
			buildActionMask = 2147483647;
			files = (
				3928F3B827F9BEA900000143 /* DailyRecap.swift in Sources */,
				3928F3BD27F9C48800000143 /* TodayMealScrollView.swift in Sources */,
				3928F3C127F9FBEB00000143 /* AllRecapCard.swift in Sources */,
				39F353A427FC9D09004C552B /* ImagePicker.swift in Sources */,
				3906418027F9853B0024B1FA /* DailyRecapView.swift in Sources */,
				3906417E27F984510024B1FA /* HomeView.swift in Sources */,
				39D9D5BC27FDBEC500CF846F /* BeverageFormView.swift in Sources */,
				3990657F27FB2D79001043EF /* TodayMealModel.swift in Sources */,
				39D9D5B527FDB7C000CF846F /* FormView.swift in Sources */,
				3902934127F982CC00B8C8E9 /* ContentView.swift in Sources */,
				3902933F27F982CC00B8C8E9 /* FoodJournalApp.swift in Sources */,
				3910D77827FE1A9C00D65E75 /* MealFormView.swift in Sources */,
				39ECE82227F99D78002EBEAF /* RecapView.swift in Sources */,
				3928F3C327F9FC2B00000143 /* AllRecapView.swift in Sources */,
				39ECE82027F99B71002EBEAF /* TabBar.swift in Sources */,
				3928F3BF27F9C4A400000143 /* TodayMealCard.swift in Sources */,
				39D9D5B727FDBC6000CF846F /* GlobalEnum.swift in Sources */,
				3928F3BA27F9BFB700000143 /* TodayRecap.swift in Sources */,
			);
			runOnlyForDeploymentPostprocessing = 0;
		};
/* End PBXSourcesBuildPhase section */

/* Begin XCBuildConfiguration section */
		3902934727F982CC00B8C8E9 /* Debug */ = {
			isa = XCBuildConfiguration;
			buildSettings = {
				ALWAYS_SEARCH_USER_PATHS = NO;
				CLANG_ANALYZER_NONNULL = YES;
				CLANG_ANALYZER_NUMBER_OBJECT_CONVERSION = YES_AGGRESSIVE;
				CLANG_CXX_LANGUAGE_STANDARD = "gnu++17";
				CLANG_CXX_LIBRARY = "libc++";
				CLANG_ENABLE_MODULES = YES;
				CLANG_ENABLE_OBJC_ARC = YES;
				CLANG_ENABLE_OBJC_WEAK = YES;
				CLANG_WARN_BLOCK_CAPTURE_AUTORELEASING = YES;
				CLANG_WARN_BOOL_CONVERSION = YES;
				CLANG_WARN_COMMA = YES;
				CLANG_WARN_CONSTANT_CONVERSION = YES;
				CLANG_WARN_DEPRECATED_OBJC_IMPLEMENTATIONS = YES;
				CLANG_WARN_DIRECT_OBJC_ISA_USAGE = YES_ERROR;
				CLANG_WARN_DOCUMENTATION_COMMENTS = YES;
				CLANG_WARN_EMPTY_BODY = YES;
				CLANG_WARN_ENUM_CONVERSION = YES;
				CLANG_WARN_INFINITE_RECURSION = YES;
				CLANG_WARN_INT_CONVERSION = YES;
				CLANG_WARN_NON_LITERAL_NULL_CONVERSION = YES;
				CLANG_WARN_OBJC_IMPLICIT_RETAIN_SELF = YES;
				CLANG_WARN_OBJC_LITERAL_CONVERSION = YES;
				CLANG_WARN_OBJC_ROOT_CLASS = YES_ERROR;
				CLANG_WARN_QUOTED_INCLUDE_IN_FRAMEWORK_HEADER = YES;
				CLANG_WARN_RANGE_LOOP_ANALYSIS = YES;
				CLANG_WARN_STRICT_PROTOTYPES = YES;
				CLANG_WARN_SUSPICIOUS_MOVE = YES;
				CLANG_WARN_UNGUARDED_AVAILABILITY = YES_AGGRESSIVE;
				CLANG_WARN_UNREACHABLE_CODE = YES;
				CLANG_WARN__DUPLICATE_METHOD_MATCH = YES;
				COPY_PHASE_STRIP = NO;
				DEBUG_INFORMATION_FORMAT = dwarf;
				ENABLE_STRICT_OBJC_MSGSEND = YES;
				ENABLE_TESTABILITY = YES;
				GCC_C_LANGUAGE_STANDARD = gnu11;
				GCC_DYNAMIC_NO_PIC = NO;
				GCC_NO_COMMON_BLOCKS = YES;
				GCC_OPTIMIZATION_LEVEL = 0;
				GCC_PREPROCESSOR_DEFINITIONS = (
					"DEBUG=1",
					"$(inherited)",
				);
				GCC_WARN_64_TO_32_BIT_CONVERSION = YES;
				GCC_WARN_ABOUT_RETURN_TYPE = YES_ERROR;
				GCC_WARN_UNDECLARED_SELECTOR = YES;
				GCC_WARN_UNINITIALIZED_AUTOS = YES_AGGRESSIVE;
				GCC_WARN_UNUSED_FUNCTION = YES;
				GCC_WARN_UNUSED_VARIABLE = YES;
				IPHONEOS_DEPLOYMENT_TARGET = 15.2;
				MTL_ENABLE_DEBUG_INFO = INCLUDE_SOURCE;
				MTL_FAST_MATH = YES;
				ONLY_ACTIVE_ARCH = YES;
				SDKROOT = iphoneos;
				SWIFT_ACTIVE_COMPILATION_CONDITIONS = DEBUG;
				SWIFT_OPTIMIZATION_LEVEL = "-Onone";
			};
			name = Debug;
		};
		3902934827F982CC00B8C8E9 /* Release */ = {
			isa = XCBuildConfiguration;
			buildSettings = {
				ALWAYS_SEARCH_USER_PATHS = NO;
				CLANG_ANALYZER_NONNULL = YES;
				CLANG_ANALYZER_NUMBER_OBJECT_CONVERSION = YES_AGGRESSIVE;
				CLANG_CXX_LANGUAGE_STANDARD = "gnu++17";
				CLANG_CXX_LIBRARY = "libc++";
				CLANG_ENABLE_MODULES = YES;
				CLANG_ENABLE_OBJC_ARC = YES;
				CLANG_ENABLE_OBJC_WEAK = YES;
				CLANG_WARN_BLOCK_CAPTURE_AUTORELEASING = YES;
				CLANG_WARN_BOOL_CONVERSION = YES;
				CLANG_WARN_COMMA = YES;
				CLANG_WARN_CONSTANT_CONVERSION = YES;
				CLANG_WARN_DEPRECATED_OBJC_IMPLEMENTATIONS = YES;
				CLANG_WARN_DIRECT_OBJC_ISA_USAGE = YES_ERROR;
				CLANG_WARN_DOCUMENTATION_COMMENTS = YES;
				CLANG_WARN_EMPTY_BODY = YES;
				CLANG_WARN_ENUM_CONVERSION = YES;
				CLANG_WARN_INFINITE_RECURSION = YES;
				CLANG_WARN_INT_CONVERSION = YES;
				CLANG_WARN_NON_LITERAL_NULL_CONVERSION = YES;
				CLANG_WARN_OBJC_IMPLICIT_RETAIN_SELF = YES;
				CLANG_WARN_OBJC_LITERAL_CONVERSION = YES;
				CLANG_WARN_OBJC_ROOT_CLASS = YES_ERROR;
				CLANG_WARN_QUOTED_INCLUDE_IN_FRAMEWORK_HEADER = YES;
				CLANG_WARN_RANGE_LOOP_ANALYSIS = YES;
				CLANG_WARN_STRICT_PROTOTYPES = YES;
				CLANG_WARN_SUSPICIOUS_MOVE = YES;
				CLANG_WARN_UNGUARDED_AVAILABILITY = YES_AGGRESSIVE;
				CLANG_WARN_UNREACHABLE_CODE = YES;
				CLANG_WARN__DUPLICATE_METHOD_MATCH = YES;
				COPY_PHASE_STRIP = NO;
				DEBUG_INFORMATION_FORMAT = "dwarf-with-dsym";
				ENABLE_NS_ASSERTIONS = NO;
				ENABLE_STRICT_OBJC_MSGSEND = YES;
				GCC_C_LANGUAGE_STANDARD = gnu11;
				GCC_NO_COMMON_BLOCKS = YES;
				GCC_WARN_64_TO_32_BIT_CONVERSION = YES;
				GCC_WARN_ABOUT_RETURN_TYPE = YES_ERROR;
				GCC_WARN_UNDECLARED_SELECTOR = YES;
				GCC_WARN_UNINITIALIZED_AUTOS = YES_AGGRESSIVE;
				GCC_WARN_UNUSED_FUNCTION = YES;
				GCC_WARN_UNUSED_VARIABLE = YES;
				IPHONEOS_DEPLOYMENT_TARGET = 15.2;
				MTL_ENABLE_DEBUG_INFO = NO;
				MTL_FAST_MATH = YES;
				SDKROOT = iphoneos;
				SWIFT_COMPILATION_MODE = wholemodule;
				SWIFT_OPTIMIZATION_LEVEL = "-O";
				VALIDATE_PRODUCT = YES;
			};
			name = Release;
		};
		3902934A27F982CC00B8C8E9 /* Debug */ = {
			isa = XCBuildConfiguration;
			buildSettings = {
				ASSETCATALOG_COMPILER_APPICON_NAME = AppIcon;
				ASSETCATALOG_COMPILER_GLOBAL_ACCENT_COLOR_NAME = AccentColor;
				CODE_SIGN_STYLE = Automatic;
				CURRENT_PROJECT_VERSION = 1;
				DEVELOPMENT_ASSET_PATHS = "\"FoodJournal/Preview Content\"";
				DEVELOPMENT_TEAM = FHH33PP3YM;
				ENABLE_PREVIEWS = YES;
				GENERATE_INFOPLIST_FILE = YES;
				INFOPLIST_KEY_UIApplicationSceneManifest_Generation = YES;
				INFOPLIST_KEY_UIApplicationSupportsIndirectInputEvents = YES;
				INFOPLIST_KEY_UILaunchScreen_Generation = YES;
				INFOPLIST_KEY_UISupportedInterfaceOrientations_iPad = "UIInterfaceOrientationPortrait UIInterfaceOrientationPortraitUpsideDown UIInterfaceOrientationLandscapeLeft UIInterfaceOrientationLandscapeRight";
				INFOPLIST_KEY_UISupportedInterfaceOrientations_iPhone = "UIInterfaceOrientationPortrait UIInterfaceOrientationLandscapeLeft UIInterfaceOrientationLandscapeRight";
				LD_RUNPATH_SEARCH_PATHS = (
					"$(inherited)",
					"@executable_path/Frameworks",
				);
				MARKETING_VERSION = 1.0;
				PRODUCT_BUNDLE_IDENTIFIER = christian.FoodJournal;
				PRODUCT_NAME = "$(TARGET_NAME)";
				SWIFT_EMIT_LOC_STRINGS = YES;
				SWIFT_VERSION = 5.0;
				TARGETED_DEVICE_FAMILY = "1,2";
			};
			name = Debug;
		};
		3902934B27F982CC00B8C8E9 /* Release */ = {
			isa = XCBuildConfiguration;
			buildSettings = {
				ASSETCATALOG_COMPILER_APPICON_NAME = AppIcon;
				ASSETCATALOG_COMPILER_GLOBAL_ACCENT_COLOR_NAME = AccentColor;
				CODE_SIGN_STYLE = Automatic;
				CURRENT_PROJECT_VERSION = 1;
				DEVELOPMENT_ASSET_PATHS = "\"FoodJournal/Preview Content\"";
				DEVELOPMENT_TEAM = FHH33PP3YM;
				ENABLE_PREVIEWS = YES;
				GENERATE_INFOPLIST_FILE = YES;
				INFOPLIST_KEY_UIApplicationSceneManifest_Generation = YES;
				INFOPLIST_KEY_UIApplicationSupportsIndirectInputEvents = YES;
				INFOPLIST_KEY_UILaunchScreen_Generation = YES;
				INFOPLIST_KEY_UISupportedInterfaceOrientations_iPad = "UIInterfaceOrientationPortrait UIInterfaceOrientationPortraitUpsideDown UIInterfaceOrientationLandscapeLeft UIInterfaceOrientationLandscapeRight";
				INFOPLIST_KEY_UISupportedInterfaceOrientations_iPhone = "UIInterfaceOrientationPortrait UIInterfaceOrientationLandscapeLeft UIInterfaceOrientationLandscapeRight";
				LD_RUNPATH_SEARCH_PATHS = (
					"$(inherited)",
					"@executable_path/Frameworks",
				);
				MARKETING_VERSION = 1.0;
				PRODUCT_BUNDLE_IDENTIFIER = christian.FoodJournal;
				PRODUCT_NAME = "$(TARGET_NAME)";
				SWIFT_EMIT_LOC_STRINGS = YES;
				SWIFT_VERSION = 5.0;
				TARGETED_DEVICE_FAMILY = "1,2";
			};
			name = Release;
		};
/* End XCBuildConfiguration section */

/* Begin XCConfigurationList section */
		3902933627F982CC00B8C8E9 /* Build configuration list for PBXProject "FoodJournal" */ = {
			isa = XCConfigurationList;
			buildConfigurations = (
				3902934727F982CC00B8C8E9 /* Debug */,
				3902934827F982CC00B8C8E9 /* Release */,
			);
			defaultConfigurationIsVisible = 0;
			defaultConfigurationName = Release;
		};
		3902934927F982CC00B8C8E9 /* Build configuration list for PBXNativeTarget "FoodJournal" */ = {
			isa = XCConfigurationList;
			buildConfigurations = (
				3902934A27F982CC00B8C8E9 /* Debug */,
				3902934B27F982CC00B8C8E9 /* Release */,
			);
			defaultConfigurationIsVisible = 0;
			defaultConfigurationName = Release;
		};
/* End XCConfigurationList section */
	};
	rootObject = 3902933327F982CC00B8C8E9 /* Project object */;
}
